
Microsoft Visual Studio Solution File, Format Version 12.00
# Visual Studio Version 17
VisualStudioVersion = 17.5.33627.172
MinimumVisualStudioVersion = 10.0.40219.1
Project("{FAE04EC0-301F-11D3-BF4B-00C04F79EFBC}") = "Assinatura", "Assinatura\Assinatura.csproj", "{FF27A7E8-26DF-47D9-995E-61FDFF12719C}"
EndProject
Global
	GlobalSection(SolutionConfigurationPlatforms) = preSolution
		Debug|Any CPU = Debug|Any CPU
		Release|Any CPU = Release|Any CPU
	EndGlobalSection
	GlobalSection(ProjectConfigurationPlatforms) = postSolution
		{FF27A7E8-26DF-47D9-995E-61FDFF12719C}.Debug|Any CPU.ActiveCfg = Debug|Any CPU
		{FF27A7E8-26DF-47D9-995E-61FDFF12719C}.Debug|Any CPU.Build.0 = Debug|Any CPU
		{FF27A7E8-26DF-47D9-995E-61FDFF12719C}.Release|Any CPU.ActiveCfg = Release|Any CPU
		{FF27A7E8-26DF-47D9-995E-61FDFF12719C}.Release|Any CPU.Build.0 = Release|Any CPU
	EndGlobalSection
	GlobalSection(SolutionProperties) = preSolution
		HideSolutionNode = FALSE
	EndGlobalSection
	GlobalSection(ExtensibilityGlobals) = postSolution
		SolutionGuid = {15AD0198-1A08-4B42-83C2-14F121DDEC84}
	EndGlobalSection
EndGlobal
