
Microsoft Visual Studio Solution File, Format Version 12.00
# Visual Studio Version 17
VisualStudioVersion = 17.5.33627.172
MinimumVisualStudioVersion = 10.0.40219.1
Project("{FAE04EC0-301F-11D3-BF4B-00C04F79EFBC}") = "CalculadoraDominio", "CalculadoraDominio\CalculadoraDominio.csproj", "{90504560-E9A9-400D-84BD-DEFA17B80F32}"
EndProject
Project("{FAE04EC0-301F-11D3-BF4B-00C04F79EFBC}") = "TestProject1", "TestProject1\TestProject1.csproj", "{BF037134-3E44-4ABA-BFDC-A2D32D504EC5}"
EndProject
Global
	GlobalSection(SolutionConfigurationPlatforms) = preSolution
		Debug|Any CPU = Debug|Any CPU
		Release|Any CPU = Release|Any CPU
	EndGlobalSection
	GlobalSection(ProjectConfigurationPlatforms) = postSolution
		{90504560-E9A9-400D-84BD-DEFA17B80F32}.Debug|Any CPU.ActiveCfg = Debug|Any CPU
		{90504560-E9A9-400D-84BD-DEFA17B80F32}.Debug|Any CPU.Build.0 = Debug|Any CPU
		{90504560-E9A9-400D-84BD-DEFA17B80F32}.Release|Any CPU.ActiveCfg = Release|Any CPU
		{90504560-E9A9-400D-84BD-DEFA17B80F32}.Release|Any CPU.Build.0 = Release|Any CPU
		{BF037134-3E44-4ABA-BFDC-A2D32D504EC5}.Debug|Any CPU.ActiveCfg = Debug|Any CPU
		{BF037134-3E44-4ABA-BFDC-A2D32D504EC5}.Debug|Any CPU.Build.0 = Debug|Any CPU
		{BF037134-3E44-4ABA-BFDC-A2D32D504EC5}.Release|Any CPU.ActiveCfg = Release|Any CPU
		{BF037134-3E44-4ABA-BFDC-A2D32D504EC5}.Release|Any CPU.Build.0 = Release|Any CPU
	EndGlobalSection
	GlobalSection(SolutionProperties) = preSolution
		HideSolutionNode = FALSE
	EndGlobalSection
	GlobalSection(ExtensibilityGlobals) = postSolution
		SolutionGuid = {D7CD4187-3C42-4F60-B4AE-FDA28FEF34C1}
	EndGlobalSection
EndGlobal
